<?xml version="1.0" encoding="utf-8"?>
<Project ToolsVersion="4.0" xmlns="http://schemas.microsoft.com/developer/msbuild/2003">
  <ItemGroup>
    <Filter Include="Source Files">
      <UniqueIdentifier>{4FC737F1-C7A5-4376-A066-2A32D752A2FF}</UniqueIdentifier>
      <Extensions>cpp;c;cc;cxx;def;odl;idl;hpj;bat;asm;asmx</Extensions>
    </Filter>
    <Filter Include="Header Files">
      <UniqueIdentifier>{93995380-89BD-4b04-88EB-625FBE52EBFB}</UniqueIdentifier>
      <Extensions>h;hh;hpp;hxx;hm;inl;inc;xsd</Extensions>
    </Filter>
    <Filter Include="Resource Files">
      <UniqueIdentifier>{67DA6AB6-F800-4c08-8B7A-83BB121AAD01}</UniqueIdentifier>
      <Extensions>rc;ico;cur;bmp;dlg;rc2;rct;bin;rgs;gif;jpg;jpeg;jpe;resx;tiff;tif;png;wav;mfcribbon-ms</Extensions>
    </Filter>
    <Filter Include="Header Files\Utilities">
      <UniqueIdentifier>{1eb50c70-7955-4f5f-93ec-47893edf1e63}</UniqueIdentifier>
    </Filter>
    <Filter Include="Header Files\Objects">
      <UniqueIdentifier>{b82b292f-1d8b-4d2a-9b64-9e0433105155}</UniqueIdentifier>
    </Filter>
    <Filter Include="Source Files\Utilities">
      <UniqueIdentifier>{4a9fe9e6-1aef-460a-9dc2-3a898d7d2c64}</UniqueIdentifier>
    </Filter>
    <Filter Include="Source Files\Objects">
      <UniqueIdentifier>{60dcc1db-ccb6-4cc2-b31a-bfd84216f2f0}</UniqueIdentifier>
    </Filter>
  </ItemGroup>
  <ItemGroup>
    <ClInclude Include="Main.h">
      <Filter>Header Files</Filter>
    </ClInclude>
    <ClInclude Include="concol.h">
      <Filter>Header Files\Utilities</Filter>
    </ClInclude>
    <ClInclude Include="Graph.h">
      <Filter>Header Files\Objects</Filter>
    </ClInclude>
    <ClInclude Include="Lyric.h">
      <Filter>Header Files\Objects</Filter>
    </ClInclude>
    <ClInclude Include="Memory.h">
      <Filter>Header Files\Utilities</Filter>
    </ClInclude>
    <ClInclude Include="plotGraph.h">
      <Filter>Header Files\Utilities</Filter>
    </ClInclude>
    <ClInclude Include="Music.h">
      <Filter>Header Files\Objects</Filter>
    </ClInclude>
    <ClInclude Include="ListArray.h">
      <Filter>Header Files\Objects</Filter>
    </ClInclude>
    <ClInclude Include="ListPointer.h">
      <Filter>Header Files\Objects</Filter>
    </ClInclude>
    <ClInclude Include="Utility.h">
      <Filter>Header Files\Utilities</Filter>
    </ClInclude>
    <ClInclude Include="UnsortedPtr.h">
      <Filter>Header Files</Filter>
    </ClInclude>
    <ClInclude Include="GlobalIdentifiers.h">
      <Filter>Header Files\Utilities</Filter>
    </ClInclude>
    <ClInclude Include="sortedArr.h">
      <Filter>Header Files</Filter>
    </ClInclude>
    <ClInclude Include="DblLinkList.h">
      <Filter>Header Files</Filter>
    </ClInclude>
    <ClInclude Include="DoubleLinkedList.h">
      <Filter>Header Files\Objects</Filter>
    </ClInclude>
    <ClInclude Include="Table.h">
      <Filter>Header Files\Utilities</Filter>
    </ClInclude>
  </ItemGroup>
  <ItemGroup>
    <ClCompile Include="Main.cpp">
      <Filter>Source Files</Filter>
    </ClCompile>
    <ClCompile Include="Graph.cpp">
      <Filter>Source Files\Objects</Filter>
    </ClCompile>
    <ClCompile Include="ListArray.cpp">
      <Filter>Source Files\Objects</Filter>
    </ClCompile>
    <ClCompile Include="ListPointer.cpp">
      <Filter>Source Files\Objects</Filter>
    </ClCompile>
    <ClCompile Include="Lyric.cpp">
      <Filter>Source Files\Objects</Filter>
    </ClCompile>
    <ClCompile Include="Music.cpp">
      <Filter>Source Files\Objects</Filter>
    </ClCompile>
    <ClCompile Include="plotGraph.cpp">
      <Filter>Source Files\Utilities</Filter>
    </ClCompile>
    <ClCompile Include="concol.cpp">
      <Filter>Source Files\Utilities</Filter>
    </ClCompile>
    <ClCompile Include="Utility.cpp">
      <Filter>Source Files\Utilities</Filter>
    </ClCompile>
    <ClCompile Include="Memory.cpp">
      <Filter>Source Files\Utilities</Filter>
    </ClCompile>
    <ClCompile Include="UnsortedPtr.cpp">
      <Filter>Source Files</Filter>
    </ClCompile>
    <ClCompile Include="sortedArr.cpp">
      <Filter>Source Files</Filter>
    </ClCompile>
    <ClCompile Include="DoubleLinkedList.cpp">
      <Filter>Source Files\Objects</Filter>
    </ClCompile>
    <ClCompile Include="DblLinkList.cpp">
      <Filter>Source Files</Filter>
    </ClCompile>
    <ClCompile Include="Table.cpp">
      <Filter>Source Files\Utilities</Filter>
    </ClCompile>
  </ItemGroup>
  <ItemGroup>
    <None Include="ClassDiagram.cd" />
  </ItemGroup>
</Project>